// !$*UTF8*$!
{
	archiveVersion = 1;
	classes = {
	};
	objectVersion = 48;
	objects = {

/* Begin PBXBuildFile section */
		822BBA0C2041B14B000A60C4 /* AppDelegate.swift in Sources */ = {isa = PBXBuildFile; fileRef = 822BBA0B2041B14B000A60C4 /* AppDelegate.swift */; };
		822BBA0E2041B14B000A60C4 /* ViewController.swift in Sources */ = {isa = PBXBuildFile; fileRef = 822BBA0D2041B14B000A60C4 /* ViewController.swift */; };
		822BBA112041B14B000A60C4 /* Main.storyboard in Resources */ = {isa = PBXBuildFile; fileRef = 822BBA0F2041B14B000A60C4 /* Main.storyboard */; };
		822BBA142041B14B000A60C4 /* EjemploLoc.xcdatamodeld in Sources */ = {isa = PBXBuildFile; fileRef = 822BBA122041B14B000A60C4 /* EjemploLoc.xcdatamodeld */; };
		822BBA162041B14B000A60C4 /* Assets.xcassets in Resources */ = {isa = PBXBuildFile; fileRef = 822BBA152041B14B000A60C4 /* Assets.xcassets */; };
		822BBA192041B14B000A60C4 /* LaunchScreen.storyboard in Resources */ = {isa = PBXBuildFile; fileRef = 822BBA172041B14B000A60C4 /* LaunchScreen.storyboard */; };
		822BBA242041B14B000A60C4 /* EjemploLocTests.swift in Sources */ = {isa = PBXBuildFile; fileRef = 822BBA232041B14B000A60C4 /* EjemploLocTests.swift */; };
		822BBA2F2041B14B000A60C4 /* EjemploLocUITests.swift in Sources */ = {isa = PBXBuildFile; fileRef = 822BBA2E2041B14B000A60C4 /* EjemploLocUITests.swift */; };
/* End PBXBuildFile section */

/* Begin PBXContainerItemProxy section */
		822BBA202041B14B000A60C4 /* PBXContainerItemProxy */ = {
			isa = PBXContainerItemProxy;
			containerPortal = 822BBA002041B14B000A60C4 /* Project object */;
			proxyType = 1;
			remoteGlobalIDString = 822BBA072041B14B000A60C4;
			remoteInfo = EjemploLoc;
		};
		822BBA2B2041B14B000A60C4 /* PBXContainerItemProxy */ = {
			isa = PBXContainerItemProxy;
			containerPortal = 822BBA002041B14B000A60C4 /* Project object */;
			proxyType = 1;
			remoteGlobalIDString = 822BBA072041B14B000A60C4;
			remoteInfo = EjemploLoc;
		};
/* End PBXContainerItemProxy section */

/* Begin PBXFileReference section */
		822BBA082041B14B000A60C4 /* EjemploLoc.app */ = {isa = PBXFileReference; explicitFileType = wrapper.application; includeInIndex = 0; path = EjemploLoc.app; sourceTree = BUILT_PRODUCTS_DIR; };
		822BBA0B2041B14B000A60C4 /* AppDelegate.swift */ = {isa = PBXFileReference; lastKnownFileType = sourcecode.swift; path = AppDelegate.swift; sourceTree = "<group>"; };
		822BBA0D2041B14B000A60C4 /* ViewController.swift */ = {isa = PBXFileReference; lastKnownFileType = sourcecode.swift; path = ViewController.swift; sourceTree = "<group>"; };
		822BBA102041B14B000A60C4 /* Base */ = {isa = PBXFileReference; lastKnownFileType = file.storyboard; name = Base; path = Base.lproj/Main.storyboard; sourceTree = "<group>"; };
		822BBA132041B14B000A60C4 /* EjemploLoc.xcdatamodel */ = {isa = PBXFileReference; lastKnownFileType = wrapper.xcdatamodel; path = EjemploLoc.xcdatamodel; sourceTree = "<group>"; };
		822BBA152041B14B000A60C4 /* Assets.xcassets */ = {isa = PBXFileReference; lastKnownFileType = folder.assetcatalog; path = Assets.xcassets; sourceTree = "<group>"; };
		822BBA182041B14B000A60C4 /* Base */ = {isa = PBXFileReference; lastKnownFileType = file.storyboard; name = Base; path = Base.lproj/LaunchScreen.storyboard; sourceTree = "<group>"; };
		822BBA1A2041B14B000A60C4 /* Info.plist */ = {isa = PBXFileReference; lastKnownFileType = text.plist.xml; path = Info.plist; sourceTree = "<group>"; };
		822BBA1F2041B14B000A60C4 /* EjemploLocTests.xctest */ = {isa = PBXFileReference; explicitFileType = wrapper.cfbundle; includeInIndex = 0; path = EjemploLocTests.xctest; sourceTree = BUILT_PRODUCTS_DIR; };
		822BBA232041B14B000A60C4 /* EjemploLocTests.swift */ = {isa = PBXFileReference; lastKnownFileType = sourcecode.swift; path = EjemploLocTests.swift; sourceTree = "<group>"; };
		822BBA252041B14B000A60C4 /* Info.plist */ = {isa = PBXFileReference; lastKnownFileType = text.plist.xml; path = Info.plist; sourceTree = "<group>"; };
		822BBA2A2041B14B000A60C4 /* EjemploLocUITests.xctest */ = {isa = PBXFileReference; explicitFileType = wrapper.cfbundle; includeInIndex = 0; path = EjemploLocUITests.xctest; sourceTree = BUILT_PRODUCTS_DIR; };
		822BBA2E2041B14B000A60C4 /* EjemploLocUITests.swift */ = {isa = PBXFileReference; lastKnownFileType = sourcecode.swift; path = EjemploLocUITests.swift; sourceTree = "<group>"; };
		822BBA302041B14B000A60C4 /* Info.plist */ = {isa = PBXFileReference; lastKnownFileType = text.plist.xml; path = Info.plist; sourceTree = "<group>"; };
/* End PBXFileReference section */

/* Begin PBXFrameworksBuildPhase section */
		822BBA052041B14B000A60C4 /* Frameworks */ = {
			isa = PBXFrameworksBuildPhase;
			buildActionMask = 2147483647;
			files = (
			);
			runOnlyForDeploymentPostprocessing = 0;
		};
		822BBA1C2041B14B000A60C4 /* Frameworks */ = {
			isa = PBXFrameworksBuildPhase;
			buildActionMask = 2147483647;
			files = (
			);
			runOnlyForDeploymentPostprocessing = 0;
		};
		822BBA272041B14B000A60C4 /* Frameworks */ = {
			isa = PBXFrameworksBuildPhase;
			buildActionMask = 2147483647;
			files = (
			);
			runOnlyForDeploymentPostprocessing = 0;
		};
/* End PBXFrameworksBuildPhase section */

/* Begin PBXGroup section */
		822BB9FF2041B14B000A60C4 = {
			isa = PBXGroup;
			children = (
				822BBA0A2041B14B000A60C4 /* EjemploLoc */,
				822BBA222041B14B000A60C4 /* EjemploLocTests */,
				822BBA2D2041B14B000A60C4 /* EjemploLocUITests */,
				822BBA092041B14B000A60C4 /* Products */,
			);
			sourceTree = "<group>";
		};
		822BBA092041B14B000A60C4 /* Products */ = {
			isa = PBXGroup;
			children = (
				822BBA082041B14B000A60C4 /* EjemploLoc.app */,
				822BBA1F2041B14B000A60C4 /* EjemploLocTests.xctest */,
				822BBA2A2041B14B000A60C4 /* EjemploLocUITests.xctest */,
			);
			name = Products;
			sourceTree = "<group>";
		};
		822BBA0A2041B14B000A60C4 /* EjemploLoc */ = {
			isa = PBXGroup;
			children = (
				822BBA0B2041B14B000A60C4 /* AppDelegate.swift */,
				822BBA0D2041B14B000A60C4 /* ViewController.swift */,
				822BBA0F2041B14B000A60C4 /* Main.storyboard */,
				822BBA152041B14B000A60C4 /* Assets.xcassets */,
				822BBA172041B14B000A60C4 /* LaunchScreen.storyboard */,
				822BBA1A2041B14B000A60C4 /* Info.plist */,
				822BBA122041B14B000A60C4 /* EjemploLoc.xcdatamodeld */,
			);
			path = EjemploLoc;
			sourceTree = "<group>";
		};
		822BBA222041B14B000A60C4 /* EjemploLocTests */ = {
			isa = PBXGroup;
			children = (
				822BBA232041B14B000A60C4 /* EjemploLocTests.swift */,
				822BBA252041B14B000A60C4 /* Info.plist */,
			);
			path = EjemploLocTests;
			sourceTree = "<group>";
		};
		822BBA2D2041B14B000A60C4 /* EjemploLocUITests */ = {
			isa = PBXGroup;
			children = (
				822BBA2E2041B14B000A60C4 /* EjemploLocUITests.swift */,
				822BBA302041B14B000A60C4 /* Info.plist */,
			);
			path = EjemploLocUITests;
			sourceTree = "<group>";
		};
/* End PBXGroup section */

/* Begin PBXNativeTarget section */
		822BBA072041B14B000A60C4 /* EjemploLoc */ = {
			isa = PBXNativeTarget;
			buildConfigurationList = 822BBA332041B14B000A60C4 /* Build configuration list for PBXNativeTarget "EjemploLoc" */;
			buildPhases = (
				822BBA042041B14B000A60C4 /* Sources */,
				822BBA052041B14B000A60C4 /* Frameworks */,
				822BBA062041B14B000A60C4 /* Resources */,
			);
			buildRules = (
			);
			dependencies = (
			);
			name = EjemploLoc;
			productName = EjemploLoc;
			productReference = 822BBA082041B14B000A60C4 /* EjemploLoc.app */;
			productType = "com.apple.product-type.application";
		};
		822BBA1E2041B14B000A60C4 /* EjemploLocTests */ = {
			isa = PBXNativeTarget;
			buildConfigurationList = 822BBA362041B14B000A60C4 /* Build configuration list for PBXNativeTarget "EjemploLocTests" */;
			buildPhases = (
				822BBA1B2041B14B000A60C4 /* Sources */,
				822BBA1C2041B14B000A60C4 /* Frameworks */,
				822BBA1D2041B14B000A60C4 /* Resources */,
			);
			buildRules = (
			);
			dependencies = (
				822BBA212041B14B000A60C4 /* PBXTargetDependency */,
			);
			name = EjemploLocTests;
			productName = EjemploLocTests;
			productReference = 822BBA1F2041B14B000A60C4 /* EjemploLocTests.xctest */;
			productType = "com.apple.product-type.bundle.unit-test";
		};
		822BBA292041B14B000A60C4 /* EjemploLocUITests */ = {
			isa = PBXNativeTarget;
			buildConfigurationList = 822BBA392041B14B000A60C4 /* Build configuration list for PBXNativeTarget "EjemploLocUITests" */;
			buildPhases = (
				822BBA262041B14B000A60C4 /* Sources */,
				822BBA272041B14B000A60C4 /* Frameworks */,
				822BBA282041B14B000A60C4 /* Resources */,
			);
			buildRules = (
			);
			dependencies = (
				822BBA2C2041B14B000A60C4 /* PBXTargetDependency */,
			);
			name = EjemploLocUITests;
			productName = EjemploLocUITests;
			productReference = 822BBA2A2041B14B000A60C4 /* EjemploLocUITests.xctest */;
			productType = "com.apple.product-type.bundle.ui-testing";
		};
/* End PBXNativeTarget section */

/* Begin PBXProject section */
		822BBA002041B14B000A60C4 /* Project object */ = {
			isa = PBXProject;
			attributes = {
				LastSwiftUpdateCheck = 0920;
				LastUpgradeCheck = 0920;
				ORGANIZATIONNAME = "Jose Navarro Alabarta";
				TargetAttributes = {
					822BBA072041B14B000A60C4 = {
						CreatedOnToolsVersion = 9.2;
						ProvisioningStyle = Automatic;
					};
					822BBA1E2041B14B000A60C4 = {
						CreatedOnToolsVersion = 9.2;
						ProvisioningStyle = Automatic;
						TestTargetID = 822BBA072041B14B000A60C4;
					};
					822BBA292041B14B000A60C4 = {
						CreatedOnToolsVersion = 9.2;
						ProvisioningStyle = Automatic;
						TestTargetID = 822BBA072041B14B000A60C4;
					};
				};
			};
			buildConfigurationList = 822BBA032041B14B000A60C4 /* Build configuration list for PBXProject "EjemploLoc" */;
			compatibilityVersion = "Xcode 8.0";
			developmentRegion = en;
			hasScannedForEncodings = 0;
			knownRegions = (
				en,
				Base,
			);
			mainGroup = 822BB9FF2041B14B000A60C4;
			productRefGroup = 822BBA092041B14B000A60C4 /* Products */;
			projectDirPath = "";
			projectRoot = "";
			targets = (
				822BBA072041B14B000A60C4 /* EjemploLoc */,
				822BBA1E2041B14B000A60C4 /* EjemploLocTests */,
				822BBA292041B14B000A60C4 /* EjemploLocUITests */,
			);
		};
/* End PBXProject section */

/* Begin PBXResourcesBuildPhase section */
		822BBA062041B14B000A60C4 /* Resources */ = {
			isa = PBXResourcesBuildPhase;
			buildActionMask = 2147483647;
			files = (
				822BBA192041B14B000A60C4 /* LaunchScreen.storyboard in Resources */,
				822BBA162041B14B000A60C4 /* Assets.xcassets in Resources */,
				822BBA112041B14B000A60C4 /* Main.storyboard in Resources */,
			);
			runOnlyForDeploymentPostprocessing = 0;
		};
		822BBA1D2041B14B000A60C4 /* Resources */ = {
			isa = PBXResourcesBuildPhase;
			buildActionMask = 2147483647;
			files = (
			);
			runOnlyForDeploymentPostprocessing = 0;
		};
		822BBA282041B14B000A60C4 /* Resources */ = {
			isa = PBXResourcesBuildPhase;
			buildActionMask = 2147483647;
			files = (
			);
			runOnlyForDeploymentPostprocessing = 0;
		};
/* End PBXResourcesBuildPhase section */

/* Begin PBXSourcesBuildPhase section */
		822BBA042041B14B000A60C4 /* Sources */ = {
			isa = PBXSourcesBuildPhase;
			buildActionMask = 2147483647;
			files = (
				822BBA0E2041B14B000A60C4 /* ViewController.swift in Sources */,
				822BBA0C2041B14B000A60C4 /* AppDelegate.swift in Sources */,
				822BBA142041B14B000A60C4 /* EjemploLoc.xcdatamodeld in Sources */,
			);
			runOnlyForDeploymentPostprocessing = 0;
		};
		822BBA1B2041B14B000A60C4 /* Sources */ = {
			isa = PBXSourcesBuildPhase;
			buildActionMask = 2147483647;
			files = (
				822BBA242041B14B000A60C4 /* EjemploLocTests.swift in Sources */,
			);
			runOnlyForDeploymentPostprocessing = 0;
		};
		822BBA262041B14B000A60C4 /* Sources */ = {
			isa = PBXSourcesBuildPhase;
			buildActionMask = 2147483647;
			files = (
				822BBA2F2041B14B000A60C4 /* EjemploLocUITests.swift in Sources */,
			);
			runOnlyForDeploymentPostprocessing = 0;
		};
/* End PBXSourcesBuildPhase section */

/* Begin PBXTargetDependency section */
		822BBA212041B14B000A60C4 /* PBXTargetDependency */ = {
			isa = PBXTargetDependency;
			target = 822BBA072041B14B000A60C4 /* EjemploLoc */;
			targetProxy = 822BBA202041B14B000A60C4 /* PBXContainerItemProxy */;
		};
		822BBA2C2041B14B000A60C4 /* PBXTargetDependency */ = {
			isa = PBXTargetDependency;
			target = 822BBA072041B14B000A60C4 /* EjemploLoc */;
			targetProxy = 822BBA2B2041B14B000A60C4 /* PBXContainerItemProxy */;
		};
/* End PBXTargetDependency section */

/* Begin PBXVariantGroup section */
		822BBA0F2041B14B000A60C4 /* Main.storyboard */ = {
			isa = PBXVariantGroup;
			children = (
				822BBA102041B14B000A60C4 /* Base */,
			);
			name = Main.storyboard;
			sourceTree = "<group>";
		};
		822BBA172041B14B000A60C4 /* LaunchScreen.storyboard */ = {
			isa = PBXVariantGroup;
			children = (
				822BBA182041B14B000A60C4 /* Base */,
			);
			name = LaunchScreen.storyboard;
			sourceTree = "<group>";
		};
/* End PBXVariantGroup section */

/* Begin XCBuildConfiguration section */
		822BBA312041B14B000A60C4 /* Debug */ = {
			isa = XCBuildConfiguration;
			buildSettings = {
				ALWAYS_SEARCH_USER_PATHS = NO;
				CLANG_ANALYZER_NONNULL = YES;
				CLANG_ANALYZER_NUMBER_OBJECT_CONVERSION = YES_AGGRESSIVE;
				CLANG_CXX_LANGUAGE_STANDARD = "gnu++14";
				CLANG_CXX_LIBRARY = "libc++";
				CLANG_ENABLE_MODULES = YES;
				CLANG_ENABLE_OBJC_ARC = YES;
				CLANG_WARN_BLOCK_CAPTURE_AUTORELEASING = YES;
				CLANG_WARN_BOOL_CONVERSION = YES;
				CLANG_WARN_COMMA = YES;
				CLANG_WARN_CONSTANT_CONVERSION = YES;
				CLANG_WARN_DIRECT_OBJC_ISA_USAGE = YES_ERROR;
				CLANG_WARN_DOCUMENTATION_COMMENTS = YES;
				CLANG_WARN_EMPTY_BODY = YES;
				CLANG_WARN_ENUM_CONVERSION = YES;
				CLANG_WARN_INFINITE_RECURSION = YES;
				CLANG_WARN_INT_CONVERSION = YES;
				CLANG_WARN_NON_LITERAL_NULL_CONVERSION = YES;
				CLANG_WARN_OBJC_LITERAL_CONVERSION = YES;
				CLANG_WARN_OBJC_ROOT_CLASS = YES_ERROR;
				CLANG_WARN_RANGE_LOOP_ANALYSIS = YES;
				CLANG_WARN_STRICT_PROTOTYPES = YES;
				CLANG_WARN_SUSPICIOUS_MOVE = YES;
				CLANG_WARN_UNGUARDED_AVAILABILITY = YES_AGGRESSIVE;
				CLANG_WARN_UNREACHABLE_CODE = YES;
				CLANG_WARN__DUPLICATE_METHOD_MATCH = YES;
				CODE_SIGN_IDENTITY = "iPhone Developer";
				COPY_PHASE_STRIP = NO;
				DEBUG_INFORMATION_FORMAT = dwarf;
				ENABLE_STRICT_OBJC_MSGSEND = YES;
				ENABLE_TESTABILITY = YES;
				GCC_C_LANGUAGE_STANDARD = gnu11;
				GCC_DYNAMIC_NO_PIC = NO;
				GCC_NO_COMMON_BLOCKS = YES;
				GCC_OPTIMIZATION_LEVEL = 0;
				GCC_PREPROCESSOR_DEFINITIONS = (
					"DEBUG=1",
					"$(inherited)",
				);
				GCC_WARN_64_TO_32_BIT_CONVERSION = YES;
				GCC_WARN_ABOUT_RETURN_TYPE = YES_ERROR;
				GCC_WARN_UNDECLARED_SELECTOR = YES;
				GCC_WARN_UNINITIALIZED_AUTOS = YES_AGGRESSIVE;
				GCC_WARN_UNUSED_FUNCTION = YES;
				GCC_WARN_UNUSED_VARIABLE = YES;
				IPHONEOS_DEPLOYMENT_TARGET = 11.2;
				MTL_ENABLE_DEBUG_INFO = YES;
				ONLY_ACTIVE_ARCH = YES;
				SDKROOT = iphoneos;
				SWIFT_ACTIVE_COMPILATION_CONDITIONS = DEBUG;
				SWIFT_OPTIMIZATION_LEVEL = "-Onone";
			};
			name = Debug;
		};
		822BBA322041B14B000A60C4 /* Release */ = {
			isa = XCBuildConfiguration;
			buildSettings = {
				ALWAYS_SEARCH_USER_PATHS = NO;
				CLANG_ANALYZER_NONNULL = YES;
				CLANG_ANALYZER_NUMBER_OBJECT_CONVERSION = YES_AGGRESSIVE;
				CLANG_CXX_LANGUAGE_STANDARD = "gnu++14";
				CLANG_CXX_LIBRARY = "libc++";
				CLANG_ENABLE_MODULES = YES;
				CLANG_ENABLE_OBJC_ARC = YES;
				CLANG_WARN_BLOCK_CAPTURE_AUTORELEASING = YES;
				CLANG_WARN_BOOL_CONVERSION = YES;
				CLANG_WARN_COMMA = YES;
				CLANG_WARN_CONSTANT_CONVERSION = YES;
				CLANG_WARN_DIRECT_OBJC_ISA_USAGE = YES_ERROR;
				CLANG_WARN_DOCUMENTATION_COMMENTS = YES;
				CLANG_WARN_EMPTY_BODY = YES;
				CLANG_WARN_ENUM_CONVERSION = YES;
				CLANG_WARN_INFINITE_RECURSION = YES;
				CLANG_WARN_INT_CONVERSION = YES;
				CLANG_WARN_NON_LITERAL_NULL_CONVERSION = YES;
				CLANG_WARN_OBJC_LITERAL_CONVERSION = YES;
				CLANG_WARN_OBJC_ROOT_CLASS = YES_ERROR;
				CLANG_WARN_RANGE_LOOP_ANALYSIS = YES;
				CLANG_WARN_STRICT_PROTOTYPES = YES;
				CLANG_WARN_SUSPICIOUS_MOVE = YES;
				CLANG_WARN_UNGUARDED_AVAILABILITY = YES_AGGRESSIVE;
				CLANG_WARN_UNREACHABLE_CODE = YES;
				CLANG_WARN__DUPLICATE_METHOD_MATCH = YES;
				CODE_SIGN_IDENTITY = "iPhone Developer";
				COPY_PHASE_STRIP = NO;
				DEBUG_INFORMATION_FORMAT = "dwarf-with-dsym";
				ENABLE_NS_ASSERTIONS = NO;
				ENABLE_STRICT_OBJC_MSGSEND = YES;
				GCC_C_LANGUAGE_STANDARD = gnu11;
				GCC_NO_COMMON_BLOCKS = YES;
				GCC_WARN_64_TO_32_BIT_CONVERSION = YES;
				GCC_WARN_ABOUT_RETURN_TYPE = YES_ERROR;
				GCC_WARN_UNDECLARED_SELECTOR = YES;
				GCC_WARN_UNINITIALIZED_AUTOS = YES_AGGRESSIVE;
				GCC_WARN_UNUSED_FUNCTION = YES;
				GCC_WARN_UNUSED_VARIABLE = YES;
				IPHONEOS_DEPLOYMENT_TARGET = 11.2;
				MTL_ENABLE_DEBUG_INFO = NO;
				SDKROOT = iphoneos;
				SWIFT_OPTIMIZATION_LEVEL = "-Owholemodule";
				VALIDATE_PRODUCT = YES;
			};
			name = Release;
		};
		822BBA342041B14B000A60C4 /* Debug */ = {
			isa = XCBuildConfiguration;
			buildSettings = {
				ASSETCATALOG_COMPILER_APPICON_NAME = AppIcon;
				CODE_SIGN_STYLE = Automatic;
				DEVELOPMENT_TEAM = ES5F8E7C9U;
				INFOPLIST_FILE = EjemploLoc/Info.plist;
				LD_RUNPATH_SEARCH_PATHS = "$(inherited) @executable_path/Frameworks";
				PRODUCT_BUNDLE_IDENTIFIER = jonaal1.EjemploLoc;
				PRODUCT_NAME = "$(TARGET_NAME)";
				SWIFT_VERSION = 4.0;
				TARGETED_DEVICE_FAMILY = "1,2";
			};
			name = Debug;
		};
		822BBA352041B14B000A60C4 /* Release */ = {
			isa = XCBuildConfiguration;
			buildSettings = {
				ASSETCATALOG_COMPILER_APPICON_NAME = AppIcon;
				CODE_SIGN_STYLE = Automatic;
				DEVELOPMENT_TEAM = ES5F8E7C9U;
				INFOPLIST_FILE = EjemploLoc/Info.plist;
				LD_RUNPATH_SEARCH_PATHS = "$(inherited) @executable_path/Frameworks";
				PRODUCT_BUNDLE_IDENTIFIER = jonaal1.EjemploLoc;
				PRODUCT_NAME = "$(TARGET_NAME)";
				SWIFT_VERSION = 4.0;
				TARGETED_DEVICE_FAMILY = "1,2";
			};
			name = Release;
		};
		822BBA372041B14B000A60C4 /* Debug */ = {
			isa = XCBuildConfiguration;
			buildSettings = {
				ALWAYS_EMBED_SWIFT_STANDARD_LIBRARIES = YES;
				BUNDLE_LOADER = "$(TEST_HOST)";
				CODE_SIGN_STYLE = Automatic;
				DEVELOPMENT_TEAM = ES5F8E7C9U;
				INFOPLIST_FILE = EjemploLocTests/Info.plist;
				LD_RUNPATH_SEARCH_PATHS = "$(inherited) @executable_path/Frameworks @loader_path/Frameworks";
				PRODUCT_BUNDLE_IDENTIFIER = jonaal1.EjemploLocTests;
				PRODUCT_NAME = "$(TARGET_NAME)";
				SWIFT_VERSION = 4.0;
				TARGETED_DEVICE_FAMILY = "1,2";
				TEST_HOST = "$(BUILT_PRODUCTS_DIR)/EjemploLoc.app/EjemploLoc";
			};
			name = Debug;
		};
		822BBA382041B14B000A60C4 /* Release */ = {
			isa = XCBuildConfiguration;
			buildSettings = {
				ALWAYS_EMBED_SWIFT_STANDARD_LIBRARIES = YES;
				BUNDLE_LOADER = "$(TEST_HOST)";
				CODE_SIGN_STYLE = Automatic;
				DEVELOPMENT_TEAM = ES5F8E7C9U;
				INFOPLIST_FILE = EjemploLocTests/Info.plist;
				LD_RUNPATH_SEARCH_PATHS = "$(inherited) @executable_path/Frameworks @loader_path/Frameworks";
				PRODUCT_BUNDLE_IDENTIFIER = jonaal1.EjemploLocTests;
				PRODUCT_NAME = "$(TARGET_NAME)";
				SWIFT_VERSION = 4.0;
				TARGETED_DEVICE_FAMILY = "1,2";
				TEST_HOST = "$(BUILT_PRODUCTS_DIR)/EjemploLoc.app/EjemploLoc";
			};
			name = Release;
		};
		822BBA3A2041B14B000A60C4 /* Debug */ = {
			isa = XCBuildConfiguration;
			buildSettings = {
				ALWAYS_EMBED_SWIFT_STANDARD_LIBRARIES = YES;
				CODE_SIGN_STYLE = Automatic;
				DEVELOPMENT_TEAM = ES5F8E7C9U;
				INFOPLIST_FILE = EjemploLocUITests/Info.plist;
				LD_RUNPATH_SEARCH_PATHS = "$(inherited) @executable_path/Frameworks @loader_path/Frameworks";
				PRODUCT_BUNDLE_IDENTIFIER = jonaal1.EjemploLocUITests;
				PRODUCT_NAME = "$(TARGET_NAME)";
				SWIFT_VERSION = 4.0;
				TARGETED_DEVICE_FAMILY = "1,2";
				TEST_TARGET_NAME = EjemploLoc;
			};
			name = Debug;
		};
		822BBA3B2041B14B000A60C4 /* Release */ = {
			isa = XCBuildConfiguration;
			buildSettings = {
				ALWAYS_EMBED_SWIFT_STANDARD_LIBRARIES = YES;
				CODE_SIGN_STYLE = Automatic;
				DEVELOPMENT_TEAM = ES5F8E7C9U;
				INFOPLIST_FILE = EjemploLocUITests/Info.plist;
				LD_RUNPATH_SEARCH_PATHS = "$(inherited) @executable_path/Frameworks @loader_path/Frameworks";
				PRODUCT_BUNDLE_IDENTIFIER = jonaal1.EjemploLocUITests;
				PRODUCT_NAME = "$(TARGET_NAME)";
				SWIFT_VERSION = 4.0;
				TARGETED_DEVICE_FAMILY = "1,2";
				TEST_TARGET_NAME = EjemploLoc;
			};
			name = Release;
		};
/* End XCBuildConfiguration section */

/* Begin XCConfigurationList section */
		822BBA032041B14B000A60C4 /* Build configuration list for PBXProject "EjemploLoc" */ = {
			isa = XCConfigurationList;
			buildConfigurations = (
				822BBA312041B14B000A60C4 /* Debug */,
				822BBA322041B14B000A60C4 /* Release */,
			);
			defaultConfigurationIsVisible = 0;
			defaultConfigurationName = Release;
		};
		822BBA332041B14B000A60C4 /* Build configuration list for PBXNativeTarget "EjemploLoc" */ = {
			isa = XCConfigurationList;
			buildConfigurations = (
				822BBA342041B14B000A60C4 /* Debug */,
				822BBA352041B14B000A60C4 /* Release */,
			);
			defaultConfigurationIsVisible = 0;
			defaultConfigurationName = Release;
		};
		822BBA362041B14B000A60C4 /* Build configuration list for PBXNativeTarget "EjemploLocTests" */ = {
			isa = XCConfigurationList;
			buildConfigurations = (
				822BBA372041B14B000A60C4 /* Debug */,
				822BBA382041B14B000A60C4 /* Release */,
			);
			defaultConfigurationIsVisible = 0;
			defaultConfigurationName = Release;
		};
		822BBA392041B14B000A60C4 /* Build configuration list for PBXNativeTarget "EjemploLocUITests" */ = {
			isa = XCConfigurationList;
			buildConfigurations = (
				822BBA3A2041B14B000A60C4 /* Debug */,
				822BBA3B2041B14B000A60C4 /* Release */,
			);
			defaultConfigurationIsVisible = 0;
			defaultConfigurationName = Release;
		};
/* End XCConfigurationList section */

/* Begin XCVersionGroup section */
		822BBA122041B14B000A60C4 /* EjemploLoc.xcdatamodeld */ = {
			isa = XCVersionGroup;
			children = (
				822BBA132041B14B000A60C4 /* EjemploLoc.xcdatamodel */,
			);
			currentVersion = 822BBA132041B14B000A60C4 /* EjemploLoc.xcdatamodel */;
			path = EjemploLoc.xcdatamodeld;
			sourceTree = "<group>";
			versionGroupType = wrapper.xcdatamodel;
		};
/* End XCVersionGroup section */
	};
	rootObject = 822BBA002041B14B000A60C4 /* Project object */;
}
